
Microsoft Visual Studio Solution File, Format Version 12.00
# Visual Studio 15
VisualStudioVersion = 15.0.27428.2037
MinimumVisualStudioVersion = 10.0.40219.1
Project("{FAE04EC0-301F-11D3-BF4B-00C04F79EFBC}") = "VendingMachine", "VendingMachine\VendingMachine.csproj", "{043B045E-7A67-482E-B358-D069E68CB4E5}"
EndProject
Project("{FAE04EC0-301F-11D3-BF4B-00C04F79EFBC}") = "VendingMachineTests", "VendingMachineTests\VendingMachineTests.csproj", "{EBB72D97-42C5-4952-AC64-D3199AEA5839}"
EndProject
Global
	GlobalSection(SolutionConfigurationPlatforms) = preSolution
		Debug|Any CPU = Debug|Any CPU
		Release|Any CPU = Release|Any CPU
	EndGlobalSection
	GlobalSection(ProjectConfigurationPlatforms) = postSolution
		{043B045E-7A67-482E-B358-D069E68CB4E5}.Debug|Any CPU.ActiveCfg = Debug|Any CPU
		{043B045E-7A67-482E-B358-D069E68CB4E5}.Debug|Any CPU.Build.0 = Debug|Any CPU
		{043B045E-7A67-482E-B358-D069E68CB4E5}.Release|Any CPU.ActiveCfg = Release|Any CPU
		{043B045E-7A67-482E-B358-D069E68CB4E5}.Release|Any CPU.Build.0 = Release|Any CPU
		{EBB72D97-42C5-4952-AC64-D3199AEA5839}.Debug|Any CPU.ActiveCfg = Debug|Any CPU
		{EBB72D97-42C5-4952-AC64-D3199AEA5839}.Debug|Any CPU.Build.0 = Debug|Any CPU
		{EBB72D97-42C5-4952-AC64-D3199AEA5839}.Release|Any CPU.ActiveCfg = Release|Any CPU
		{EBB72D97-42C5-4952-AC64-D3199AEA5839}.Release|Any CPU.Build.0 = Release|Any CPU
	EndGlobalSection
	GlobalSection(SolutionProperties) = preSolution
		HideSolutionNode = FALSE
	EndGlobalSection
	GlobalSection(ExtensibilityGlobals) = postSolution
		SolutionGuid = {7335F60E-0BED-4031-8600-D843283A4B77}
	EndGlobalSection
EndGlobal
